
Microsoft Visual Studio Solution File, Format Version 12.00
# Visual Studio Version 17
VisualStudioVersion = 17.7.34018.315
MinimumVisualStudioVersion = 10.0.40219.1
Project("{FAE04EC0-301F-11D3-BF4B-00C04F79EFBC}") = "sequencia de fibonacci", "sequencia de fibonacci\sequencia de fibonacci.csproj", "{5B5765A2-8F44-46FD-B4B6-3C7AFBD1C908}"
EndProject
Global
	GlobalSection(SolutionConfigurationPlatforms) = preSolution
		Debug|Any CPU = Debug|Any CPU
		Release|Any CPU = Release|Any CPU
	EndGlobalSection
	GlobalSection(ProjectConfigurationPlatforms) = postSolution
		{5B5765A2-8F44-46FD-B4B6-3C7AFBD1C908}.Debug|Any CPU.ActiveCfg = Debug|Any CPU
		{5B5765A2-8F44-46FD-B4B6-3C7AFBD1C908}.Debug|Any CPU.Build.0 = Debug|Any CPU
		{5B5765A2-8F44-46FD-B4B6-3C7AFBD1C908}.Release|Any CPU.ActiveCfg = Release|Any CPU
		{5B5765A2-8F44-46FD-B4B6-3C7AFBD1C908}.Release|Any CPU.Build.0 = Release|Any CPU
	EndGlobalSection
	GlobalSection(SolutionProperties) = preSolution
		HideSolutionNode = FALSE
	EndGlobalSection
	GlobalSection(ExtensibilityGlobals) = postSolution
		SolutionGuid = {1E03AF39-DFC8-45A1-A1FD-3A1A21069B0D}
	EndGlobalSection
EndGlobal
